
Microsoft Visual Studio Solution File, Format Version 12.00
# Visual Studio Version 17
VisualStudioVersion = 17.4.33205.214
MinimumVisualStudioVersion = 10.0.40219.1
Project("{9A19103F-16F7-4668-BE54-9A1E7A4F7556}") = "PrimeiroProjeto", "PrimeiroProjeto\PrimeiroProjeto.csproj", "{BBD9016D-D3D8-43B5-AD7D-4404F83C75C3}"
EndProject
Project("{FAE04EC0-301F-11D3-BF4B-00C04F79EFBC}") = "Course", "Course\Course.csproj", "{18CB007E-1E64-476E-9FE1-B6D47951C851}"
EndProject
Project("{FAE04EC0-301F-11D3-BF4B-00C04F79EFBC}") = "Atribuicao", "Atribuicao\Atribuicao.csproj", "{B1B6AF29-3DB3-44D2-9177-66C37234C8F8}"
EndProject
Project("{FAE04EC0-301F-11D3-BF4B-00C04F79EFBC}") = "Saida", "Saida\Saida.csproj", "{C13BA8A3-9538-4B43-9CE7-9324E8D546E6}"
EndProject
Project("{FAE04EC0-301F-11D3-BF4B-00C04F79EFBC}") = "Conversao", "Conversao\Conversao.csproj", "{E8976EBD-250F-436B-9CCC-A21EE66FDA7E}"
EndProject
Project("{FAE04EC0-301F-11D3-BF4B-00C04F79EFBC}") = "Operador", "Operador\Operador.csproj", "{613E3624-0626-4EEF-A2B0-3F8188FE8AC0}"
EndProject
Project("{FAE04EC0-301F-11D3-BF4B-00C04F79EFBC}") = "Entrada", "Entrada\Entrada.csproj", "{4DC4DA24-4077-406F-AC93-FFE312B102BC}"
EndProject
Project("{FAE04EC0-301F-11D3-BF4B-00C04F79EFBC}") = "Comparacao", "Comparacao\Comparacao.csproj", "{2194E8F8-915F-4CDA-A5E5-4A71A36B41F4}"
EndProject
Project("{FAE04EC0-301F-11D3-BF4B-00C04F79EFBC}") = "Logicos", "Logicos\Logicos.csproj", "{FB4750CB-8138-4AF0-9885-AB513F78BAE8}"
EndProject
Project("{FAE04EC0-301F-11D3-BF4B-00C04F79EFBC}") = "Condicional", "Condicional\Condicional.csproj", "{349585B0-59B3-451A-BC70-918F4EABF29F}"
EndProject
Project("{FAE04EC0-301F-11D3-BF4B-00C04F79EFBC}") = "Escopo", "Escopo\Escopo.csproj", "{2550DFE5-D648-4E36-8EE1-2DD7595C07E6}"
EndProject
Project("{FAE04EC0-301F-11D3-BF4B-00C04F79EFBC}") = "Funcoes", "Funcoes\Funcoes.csproj", "{DAA3A801-1E70-4C0E-A355-2A60A87BBB28}"
EndProject
Project("{FAE04EC0-301F-11D3-BF4B-00C04F79EFBC}") = "While", "While\While.csproj", "{4EFDDF93-A6FC-4453-9BD1-27CCA426AE96}"
EndProject
Project("{FAE04EC0-301F-11D3-BF4B-00C04F79EFBC}") = "For", "For\For.csproj", "{8475C215-DC2C-48E4-8E48-C4E4C7A0A9B4}"
EndProject
Global
	GlobalSection(SolutionConfigurationPlatforms) = preSolution
		Debug|Any CPU = Debug|Any CPU
		Release|Any CPU = Release|Any CPU
	EndGlobalSection
	GlobalSection(ProjectConfigurationPlatforms) = postSolution
		{BBD9016D-D3D8-43B5-AD7D-4404F83C75C3}.Debug|Any CPU.ActiveCfg = Debug|Any CPU
		{BBD9016D-D3D8-43B5-AD7D-4404F83C75C3}.Debug|Any CPU.Build.0 = Debug|Any CPU
		{BBD9016D-D3D8-43B5-AD7D-4404F83C75C3}.Release|Any CPU.ActiveCfg = Release|Any CPU
		{BBD9016D-D3D8-43B5-AD7D-4404F83C75C3}.Release|Any CPU.Build.0 = Release|Any CPU
		{18CB007E-1E64-476E-9FE1-B6D47951C851}.Debug|Any CPU.ActiveCfg = Debug|Any CPU
		{18CB007E-1E64-476E-9FE1-B6D47951C851}.Debug|Any CPU.Build.0 = Debug|Any CPU
		{18CB007E-1E64-476E-9FE1-B6D47951C851}.Release|Any CPU.ActiveCfg = Release|Any CPU
		{18CB007E-1E64-476E-9FE1-B6D47951C851}.Release|Any CPU.Build.0 = Release|Any CPU
		{B1B6AF29-3DB3-44D2-9177-66C37234C8F8}.Debug|Any CPU.ActiveCfg = Debug|Any CPU
		{B1B6AF29-3DB3-44D2-9177-66C37234C8F8}.Debug|Any CPU.Build.0 = Debug|Any CPU
		{B1B6AF29-3DB3-44D2-9177-66C37234C8F8}.Release|Any CPU.ActiveCfg = Release|Any CPU
		{B1B6AF29-3DB3-44D2-9177-66C37234C8F8}.Release|Any CPU.Build.0 = Release|Any CPU
		{C13BA8A3-9538-4B43-9CE7-9324E8D546E6}.Debug|Any CPU.ActiveCfg = Debug|Any CPU
		{C13BA8A3-9538-4B43-9CE7-9324E8D546E6}.Debug|Any CPU.Build.0 = Debug|Any CPU
		{C13BA8A3-9538-4B43-9CE7-9324E8D546E6}.Release|Any CPU.ActiveCfg = Release|Any CPU
		{C13BA8A3-9538-4B43-9CE7-9324E8D546E6}.Release|Any CPU.Build.0 = Release|Any CPU
		{E8976EBD-250F-436B-9CCC-A21EE66FDA7E}.Debug|Any CPU.ActiveCfg = Debug|Any CPU
		{E8976EBD-250F-436B-9CCC-A21EE66FDA7E}.Debug|Any CPU.Build.0 = Debug|Any CPU
		{E8976EBD-250F-436B-9CCC-A21EE66FDA7E}.Release|Any CPU.ActiveCfg = Release|Any CPU
		{E8976EBD-250F-436B-9CCC-A21EE66FDA7E}.Release|Any CPU.Build.0 = Release|Any CPU
		{613E3624-0626-4EEF-A2B0-3F8188FE8AC0}.Debug|Any CPU.ActiveCfg = Debug|Any CPU
		{613E3624-0626-4EEF-A2B0-3F8188FE8AC0}.Debug|Any CPU.Build.0 = Debug|Any CPU
		{613E3624-0626-4EEF-A2B0-3F8188FE8AC0}.Release|Any CPU.ActiveCfg = Release|Any CPU
		{613E3624-0626-4EEF-A2B0-3F8188FE8AC0}.Release|Any CPU.Build.0 = Release|Any CPU
		{4DC4DA24-4077-406F-AC93-FFE312B102BC}.Debug|Any CPU.ActiveCfg = Debug|Any CPU
		{4DC4DA24-4077-406F-AC93-FFE312B102BC}.Debug|Any CPU.Build.0 = Debug|Any CPU
		{4DC4DA24-4077-406F-AC93-FFE312B102BC}.Release|Any CPU.ActiveCfg = Release|Any CPU
		{4DC4DA24-4077-406F-AC93-FFE312B102BC}.Release|Any CPU.Build.0 = Release|Any CPU
		{2194E8F8-915F-4CDA-A5E5-4A71A36B41F4}.Debug|Any CPU.ActiveCfg = Debug|Any CPU
		{2194E8F8-915F-4CDA-A5E5-4A71A36B41F4}.Debug|Any CPU.Build.0 = Debug|Any CPU
		{2194E8F8-915F-4CDA-A5E5-4A71A36B41F4}.Release|Any CPU.ActiveCfg = Release|Any CPU
		{2194E8F8-915F-4CDA-A5E5-4A71A36B41F4}.Release|Any CPU.Build.0 = Release|Any CPU
		{FB4750CB-8138-4AF0-9885-AB513F78BAE8}.Debug|Any CPU.ActiveCfg = Debug|Any CPU
		{FB4750CB-8138-4AF0-9885-AB513F78BAE8}.Debug|Any CPU.Build.0 = Debug|Any CPU
		{FB4750CB-8138-4AF0-9885-AB513F78BAE8}.Release|Any CPU.ActiveCfg = Release|Any CPU
		{FB4750CB-8138-4AF0-9885-AB513F78BAE8}.Release|Any CPU.Build.0 = Release|Any CPU
		{349585B0-59B3-451A-BC70-918F4EABF29F}.Debug|Any CPU.ActiveCfg = Debug|Any CPU
		{349585B0-59B3-451A-BC70-918F4EABF29F}.Debug|Any CPU.Build.0 = Debug|Any CPU
		{349585B0-59B3-451A-BC70-918F4EABF29F}.Release|Any CPU.ActiveCfg = Release|Any CPU
		{349585B0-59B3-451A-BC70-918F4EABF29F}.Release|Any CPU.Build.0 = Release|Any CPU
		{2550DFE5-D648-4E36-8EE1-2DD7595C07E6}.Debug|Any CPU.ActiveCfg = Debug|Any CPU
		{2550DFE5-D648-4E36-8EE1-2DD7595C07E6}.Debug|Any CPU.Build.0 = Debug|Any CPU
		{2550DFE5-D648-4E36-8EE1-2DD7595C07E6}.Release|Any CPU.ActiveCfg = Release|Any CPU
		{2550DFE5-D648-4E36-8EE1-2DD7595C07E6}.Release|Any CPU.Build.0 = Release|Any CPU
		{DAA3A801-1E70-4C0E-A355-2A60A87BBB28}.Debug|Any CPU.ActiveCfg = Debug|Any CPU
		{DAA3A801-1E70-4C0E-A355-2A60A87BBB28}.Debug|Any CPU.Build.0 = Debug|Any CPU
		{DAA3A801-1E70-4C0E-A355-2A60A87BBB28}.Release|Any CPU.ActiveCfg = Release|Any CPU
		{DAA3A801-1E70-4C0E-A355-2A60A87BBB28}.Release|Any CPU.Build.0 = Release|Any CPU
		{4EFDDF93-A6FC-4453-9BD1-27CCA426AE96}.Debug|Any CPU.ActiveCfg = Debug|Any CPU
		{4EFDDF93-A6FC-4453-9BD1-27CCA426AE96}.Debug|Any CPU.Build.0 = Debug|Any CPU
		{4EFDDF93-A6FC-4453-9BD1-27CCA426AE96}.Release|Any CPU.ActiveCfg = Release|Any CPU
		{4EFDDF93-A6FC-4453-9BD1-27CCA426AE96}.Release|Any CPU.Build.0 = Release|Any CPU
		{8475C215-DC2C-48E4-8E48-C4E4C7A0A9B4}.Debug|Any CPU.ActiveCfg = Debug|Any CPU
		{8475C215-DC2C-48E4-8E48-C4E4C7A0A9B4}.Debug|Any CPU.Build.0 = Debug|Any CPU
		{8475C215-DC2C-48E4-8E48-C4E4C7A0A9B4}.Release|Any CPU.ActiveCfg = Release|Any CPU
		{8475C215-DC2C-48E4-8E48-C4E4C7A0A9B4}.Release|Any CPU.Build.0 = Release|Any CPU
	EndGlobalSection
	GlobalSection(SolutionProperties) = preSolution
		HideSolutionNode = FALSE
	EndGlobalSection
	GlobalSection(ExtensibilityGlobals) = postSolution
		SolutionGuid = {22ED13D4-E8D2-488B-AFEE-4C3941BC8ECD}
	EndGlobalSection
EndGlobal
